
Microsoft Visual Studio Solution File, Format Version 12.00
# Visual Studio 15
VisualStudioVersion = 15.0.28307.1000
MinimumVisualStudioVersion = 10.0.40219.1
Project("{8BC9CEB8-8B4A-11D0-8D11-00A0C91BC942}") = "SandBox", "SandBox\SandBox.vcxproj", "{8844CA6F-BB16-4F25-AD2E-88265194E090}"
EndProject
Project("{8BC9CEB8-8B4A-11D0-8D11-00A0C91BC942}") = "DotEngine", "DotEngine\DotEngine.vcxproj", "{B2A32E63-0774-4157-A4EF-2A41C7753A09}"
EndProject
Global
	GlobalSection(SolutionConfigurationPlatforms) = preSolution
		Debug|x64 = Debug|x64
		Debug|x86 = Debug|x86
		Release|x64 = Release|x64
		Release|x86 = Release|x86
	EndGlobalSection
	GlobalSection(ProjectConfigurationPlatforms) = postSolution
		{B2A32E63-0774-4157-A4EF-2A41C7753A09}.Debug|x64.ActiveCfg = Debug|x64
		{B2A32E63-0774-4157-A4EF-2A41C7753A09}.Debug|x64.Build.0 = Debug|x64
		{B2A32E63-0774-4157-A4EF-2A41C7753A09}.Debug|x86.ActiveCfg = Debug|x64
		{B2A32E63-0774-4157-A4EF-2A41C7753A09}.Release|x64.ActiveCfg = Release|x64
		{B2A32E63-0774-4157-A4EF-2A41C7753A09}.Release|x64.Build.0 = Release|x64
		{B2A32E63-0774-4157-A4EF-2A41C7753A09}.Release|x86.ActiveCfg = Release|x64
		{8844CA6F-BB16-4F25-AD2E-88265194E090}.Debug|x64.ActiveCfg = Debug|x64
		{8844CA6F-BB16-4F25-AD2E-88265194E090}.Debug|x64.Build.0 = Debug|x64
		{8844CA6F-BB16-4F25-AD2E-88265194E090}.Debug|x86.ActiveCfg = Debug|Win32
		{8844CA6F-BB16-4F25-AD2E-88265194E090}.Debug|x86.Build.0 = Debug|Win32
		{8844CA6F-BB16-4F25-AD2E-88265194E090}.Release|x64.ActiveCfg = Release|x64
		{8844CA6F-BB16-4F25-AD2E-88265194E090}.Release|x64.Build.0 = Release|x64
		{8844CA6F-BB16-4F25-AD2E-88265194E090}.Release|x86.ActiveCfg = Release|Win32
		{8844CA6F-BB16-4F25-AD2E-88265194E090}.Release|x86.Build.0 = Release|Win32
	EndGlobalSection
	GlobalSection(SolutionProperties) = preSolution
		HideSolutionNode = FALSE
	EndGlobalSection
	GlobalSection(ExtensibilityGlobals) = postSolution
		SolutionGuid = {4CB409B7-839D-4716-B55C-B00768194D29}
	EndGlobalSection
EndGlobal
